
Microsoft Visual Studio Solution File, Format Version 12.00
# Visual Studio Version 16
VisualStudioVersion = 16.0.31112.23
MinimumVisualStudioVersion = 10.0.40219.1
Project("{8BC9CEB8-8B4A-11D0-8D11-00A0C91BC942}") = "Snake game", "Snake game.vcxproj", "{CF194FB8-C0F4-4E98-BF09-16F04BA312BB}"
EndProject
Global
	GlobalSection(SolutionConfigurationPlatforms) = preSolution
		Debug|x64 = Debug|x64
		Debug|x86 = Debug|x86
		Release|x64 = Release|x64
		Release|x86 = Release|x86
	EndGlobalSection
	GlobalSection(ProjectConfigurationPlatforms) = postSolution
		{CF194FB8-C0F4-4E98-BF09-16F04BA312BB}.Debug|x64.ActiveCfg = Debug|x64
		{CF194FB8-C0F4-4E98-BF09-16F04BA312BB}.Debug|x64.Build.0 = Debug|x64
		{CF194FB8-C0F4-4E98-BF09-16F04BA312BB}.Debug|x86.ActiveCfg = Debug|Win32
		{CF194FB8-C0F4-4E98-BF09-16F04BA312BB}.Debug|x86.Build.0 = Debug|Win32
		{CF194FB8-C0F4-4E98-BF09-16F04BA312BB}.Release|x64.ActiveCfg = Release|x64
		{CF194FB8-C0F4-4E98-BF09-16F04BA312BB}.Release|x64.Build.0 = Release|x64
		{CF194FB8-C0F4-4E98-BF09-16F04BA312BB}.Release|x86.ActiveCfg = Release|Win32
		{CF194FB8-C0F4-4E98-BF09-16F04BA312BB}.Release|x86.Build.0 = Release|Win32
	EndGlobalSection
	GlobalSection(SolutionProperties) = preSolution
		HideSolutionNode = FALSE
	EndGlobalSection
	GlobalSection(ExtensibilityGlobals) = postSolution
		SolutionGuid = {1C5E9251-181B-4B02-B892-3014C39F1452}
	EndGlobalSection
EndGlobal
